
Microsoft Visual Studio Solution File, Format Version 12.00
# Visual Studio Version 17
VisualStudioVersion = 17.9.34607.119
MinimumVisualStudioVersion = 10.0.40219.1
Project("{9A19103F-16F7-4668-BE54-9A1E7A4F7556}") = "Rotterdam-Detectives", "Rotterdam-Detectives\Rotterdam-Detectives.csproj", "{55F10B3B-F84F-480B-ACAC-E89CFB8DDFBF}"
EndProject
Project("{FAE04EC0-301F-11D3-BF4B-00C04F79EFBC}") = "Rotterdam-Detectives-Test", "Rotterdam-Detectives-Test\Rotterdam-Detectives-Test.csproj", "{DF9DD8C8-6AFD-4C9E-85E8-66DD1794A9BB}"
EndProject
Global
	GlobalSection(SolutionConfigurationPlatforms) = preSolution
		Debug|Any CPU = Debug|Any CPU
		Release|Any CPU = Release|Any CPU
	EndGlobalSection
	GlobalSection(ProjectConfigurationPlatforms) = postSolution
		{55F10B3B-F84F-480B-ACAC-E89CFB8DDFBF}.Debug|Any CPU.ActiveCfg = Debug|Any CPU
		{55F10B3B-F84F-480B-ACAC-E89CFB8DDFBF}.Debug|Any CPU.Build.0 = Debug|Any CPU
		{55F10B3B-F84F-480B-ACAC-E89CFB8DDFBF}.Release|Any CPU.ActiveCfg = Release|Any CPU
		{55F10B3B-F84F-480B-ACAC-E89CFB8DDFBF}.Release|Any CPU.Build.0 = Release|Any CPU
		{DF9DD8C8-6AFD-4C9E-85E8-66DD1794A9BB}.Debug|Any CPU.ActiveCfg = Debug|Any CPU
		{DF9DD8C8-6AFD-4C9E-85E8-66DD1794A9BB}.Debug|Any CPU.Build.0 = Debug|Any CPU
		{DF9DD8C8-6AFD-4C9E-85E8-66DD1794A9BB}.Release|Any CPU.ActiveCfg = Release|Any CPU
		{DF9DD8C8-6AFD-4C9E-85E8-66DD1794A9BB}.Release|Any CPU.Build.0 = Release|Any CPU
	EndGlobalSection
	GlobalSection(SolutionProperties) = preSolution
		HideSolutionNode = FALSE
	EndGlobalSection
	GlobalSection(ExtensibilityGlobals) = postSolution
		SolutionGuid = {73328C6B-E196-429C-A635-9E9882F44C15}
	EndGlobalSection
EndGlobal
